
Microsoft Visual Studio Solution File, Format Version 12.00
# Visual Studio Version 17
VisualStudioVersion = 17.2.32519.379
MinimumVisualStudioVersion = 10.0.40219.1
Project("{FAE04EC0-301F-11D3-BF4B-00C04F79EFBC}") = "Portfolio_Project", "Portfolio_Project\Portfolio_Project.csproj", "{1ADD3957-DD6B-4CB0-BD16-B53977075903}"
EndProject
Project("{FAE04EC0-301F-11D3-BF4B-00C04F79EFBC}") = "BusinessLayer", "BusinessLayer\BusinessLayer.csproj", "{1E8C341F-BA73-4E2E-BE72-267525E27585}"
EndProject
Project("{FAE04EC0-301F-11D3-BF4B-00C04F79EFBC}") = "DataAccessLayer", "DataAccessLayer\DataAccessLayer.csproj", "{55C69B56-D554-44F6-B934-5AC6EEC1F8FA}"
EndProject
Project("{FAE04EC0-301F-11D3-BF4B-00C04F79EFBC}") = "EntityLayer", "EntityLayer\EntityLayer.csproj", "{E4C890C3-88E2-42C0-A0C3-386C8BD99931}"
EndProject
Global
	GlobalSection(SolutionConfigurationPlatforms) = preSolution
		Debug|Any CPU = Debug|Any CPU
		Release|Any CPU = Release|Any CPU
	EndGlobalSection
	GlobalSection(ProjectConfigurationPlatforms) = postSolution
		{1ADD3957-DD6B-4CB0-BD16-B53977075903}.Debug|Any CPU.ActiveCfg = Debug|Any CPU
		{1ADD3957-DD6B-4CB0-BD16-B53977075903}.Debug|Any CPU.Build.0 = Debug|Any CPU
		{1ADD3957-DD6B-4CB0-BD16-B53977075903}.Release|Any CPU.ActiveCfg = Release|Any CPU
		{1ADD3957-DD6B-4CB0-BD16-B53977075903}.Release|Any CPU.Build.0 = Release|Any CPU
		{1E8C341F-BA73-4E2E-BE72-267525E27585}.Debug|Any CPU.ActiveCfg = Debug|Any CPU
		{1E8C341F-BA73-4E2E-BE72-267525E27585}.Debug|Any CPU.Build.0 = Debug|Any CPU
		{1E8C341F-BA73-4E2E-BE72-267525E27585}.Release|Any CPU.ActiveCfg = Release|Any CPU
		{1E8C341F-BA73-4E2E-BE72-267525E27585}.Release|Any CPU.Build.0 = Release|Any CPU
		{55C69B56-D554-44F6-B934-5AC6EEC1F8FA}.Debug|Any CPU.ActiveCfg = Debug|Any CPU
		{55C69B56-D554-44F6-B934-5AC6EEC1F8FA}.Debug|Any CPU.Build.0 = Debug|Any CPU
		{55C69B56-D554-44F6-B934-5AC6EEC1F8FA}.Release|Any CPU.ActiveCfg = Release|Any CPU
		{55C69B56-D554-44F6-B934-5AC6EEC1F8FA}.Release|Any CPU.Build.0 = Release|Any CPU
		{E4C890C3-88E2-42C0-A0C3-386C8BD99931}.Debug|Any CPU.ActiveCfg = Debug|Any CPU
		{E4C890C3-88E2-42C0-A0C3-386C8BD99931}.Debug|Any CPU.Build.0 = Debug|Any CPU
		{E4C890C3-88E2-42C0-A0C3-386C8BD99931}.Release|Any CPU.ActiveCfg = Release|Any CPU
		{E4C890C3-88E2-42C0-A0C3-386C8BD99931}.Release|Any CPU.Build.0 = Release|Any CPU
	EndGlobalSection
	GlobalSection(SolutionProperties) = preSolution
		HideSolutionNode = FALSE
	EndGlobalSection
	GlobalSection(ExtensibilityGlobals) = postSolution
		SolutionGuid = {0BAE28B3-F8A2-479F-A356-9F11C0513686}
	EndGlobalSection
EndGlobal
